// !$*UTF8*$!
{
	archiveVersion = 1;
	classes = {
	};
	objectVersion = 51;
	objects = {

/* Begin PBXBuildFile section */
		54529ECDEE0F9F489DA1DF10 /* Pods_iTunesAPISwiftUI.framework in Frameworks */ = {isa = PBXBuildFile; fileRef = 1907E0753D8413939A4444F8 /* Pods_iTunesAPISwiftUI.framework */; };
		CD4D36312389708700516836 /* ContentView.swift in Sources */ = {isa = PBXBuildFile; fileRef = CD4D36302389708700516836 /* ContentView.swift */; };
		CD4D36332389708A00516836 /* Assets.xcassets in Resources */ = {isa = PBXBuildFile; fileRef = CD4D36322389708A00516836 /* Assets.xcassets */; };
		CD4D36362389708A00516836 /* Preview Assets.xcassets in Resources */ = {isa = PBXBuildFile; fileRef = CD4D36352389708A00516836 /* Preview Assets.xcassets */; };
		CD4D36392389708A00516836 /* LaunchScreen.storyboard in Resources */ = {isa = PBXBuildFile; fileRef = CD4D36372389708A00516836 /* LaunchScreen.storyboard */; };
		CD4D3641238971C700516836 /* Track.swift in Sources */ = {isa = PBXBuildFile; fileRef = CD4D3640238971C700516836 /* Track.swift */; };
		CD4D3643238973B400516836 /* iTunesAPI.swift in Sources */ = {isa = PBXBuildFile; fileRef = CD4D3642238973B400516836 /* iTunesAPI.swift */; };
		CD4D36452389759200516836 /* iTunesNetwork.swift in Sources */ = {isa = PBXBuildFile; fileRef = CD4D36442389759200516836 /* iTunesNetwork.swift */; };
		CD4D364B2389D3A100516836 /* TrackList.swift in Sources */ = {isa = PBXBuildFile; fileRef = CD4D364A2389D3A100516836 /* TrackList.swift */; };
		CD8EC82224A401FE0090D938 /* App.swift in Sources */ = {isa = PBXBuildFile; fileRef = CD8EC82124A401FE0090D938 /* App.swift */; };
		CDC6CF5D23957EED001A47D1 /* Resource.swift in Sources */ = {isa = PBXBuildFile; fileRef = CDC6CF5C23957EED001A47D1 /* Resource.swift */; };
/* End PBXBuildFile section */

/* Begin PBXFileReference section */
		01F37E7426570B0D3128D68C /* Pods-iTunesAPISwiftUI.debug.xcconfig */ = {isa = PBXFileReference; includeInIndex = 1; lastKnownFileType = text.xcconfig; name = "Pods-iTunesAPISwiftUI.debug.xcconfig"; path = "Target Support Files/Pods-iTunesAPISwiftUI/Pods-iTunesAPISwiftUI.debug.xcconfig"; sourceTree = "<group>"; };
		1907E0753D8413939A4444F8 /* Pods_iTunesAPISwiftUI.framework */ = {isa = PBXFileReference; explicitFileType = wrapper.framework; includeInIndex = 0; path = Pods_iTunesAPISwiftUI.framework; sourceTree = BUILT_PRODUCTS_DIR; };
		977582853A578A0B1EFB9C88 /* Pods-iTunesAPISwiftUI.release.xcconfig */ = {isa = PBXFileReference; includeInIndex = 1; lastKnownFileType = text.xcconfig; name = "Pods-iTunesAPISwiftUI.release.xcconfig"; path = "Target Support Files/Pods-iTunesAPISwiftUI/Pods-iTunesAPISwiftUI.release.xcconfig"; sourceTree = "<group>"; };
		CD4D36292389708700516836 /* iTunesAPISwiftUI.app */ = {isa = PBXFileReference; explicitFileType = wrapper.application; includeInIndex = 0; path = iTunesAPISwiftUI.app; sourceTree = BUILT_PRODUCTS_DIR; };
		CD4D36302389708700516836 /* ContentView.swift */ = {isa = PBXFileReference; lastKnownFileType = sourcecode.swift; path = ContentView.swift; sourceTree = "<group>"; };
		CD4D36322389708A00516836 /* Assets.xcassets */ = {isa = PBXFileReference; lastKnownFileType = folder.assetcatalog; path = Assets.xcassets; sourceTree = "<group>"; };
		CD4D36352389708A00516836 /* Preview Assets.xcassets */ = {isa = PBXFileReference; lastKnownFileType = folder.assetcatalog; path = "Preview Assets.xcassets"; sourceTree = "<group>"; };
		CD4D36382389708A00516836 /* Base */ = {isa = PBXFileReference; lastKnownFileType = file.storyboard; name = Base; path = Base.lproj/LaunchScreen.storyboard; sourceTree = "<group>"; };
		CD4D363A2389708A00516836 /* Info.plist */ = {isa = PBXFileReference; lastKnownFileType = text.plist.xml; path = Info.plist; sourceTree = "<group>"; };
		CD4D3640238971C700516836 /* Track.swift */ = {isa = PBXFileReference; lastKnownFileType = sourcecode.swift; path = Track.swift; sourceTree = "<group>"; };
		CD4D3642238973B400516836 /* iTunesAPI.swift */ = {isa = PBXFileReference; lastKnownFileType = sourcecode.swift; path = iTunesAPI.swift; sourceTree = "<group>"; };
		CD4D36442389759200516836 /* iTunesNetwork.swift */ = {isa = PBXFileReference; lastKnownFileType = sourcecode.swift; path = iTunesNetwork.swift; sourceTree = "<group>"; };
		CD4D364A2389D3A100516836 /* TrackList.swift */ = {isa = PBXFileReference; lastKnownFileType = sourcecode.swift; path = TrackList.swift; sourceTree = "<group>"; };
		CD8EC82124A401FE0090D938 /* App.swift */ = {isa = PBXFileReference; lastKnownFileType = sourcecode.swift; path = App.swift; sourceTree = "<group>"; };
		CDC6CF5C23957EED001A47D1 /* Resource.swift */ = {isa = PBXFileReference; lastKnownFileType = sourcecode.swift; path = Resource.swift; sourceTree = "<group>"; };
/* End PBXFileReference section */

/* Begin PBXFrameworksBuildPhase section */
		CD4D36262389708700516836 /* Frameworks */ = {
			isa = PBXFrameworksBuildPhase;
			buildActionMask = 2147483647;
			files = (
				54529ECDEE0F9F489DA1DF10 /* Pods_iTunesAPISwiftUI.framework in Frameworks */,
			);
			runOnlyForDeploymentPostprocessing = 0;
		};
/* End PBXFrameworksBuildPhase section */

/* Begin PBXGroup section */
		90395ECC32A98C0A0CEDFE34 /* Pods */ = {
			isa = PBXGroup;
			children = (
				01F37E7426570B0D3128D68C /* Pods-iTunesAPISwiftUI.debug.xcconfig */,
				977582853A578A0B1EFB9C88 /* Pods-iTunesAPISwiftUI.release.xcconfig */,
			);
			path = Pods;
			sourceTree = "<group>";
		};
		9484A50A2A57058770C9C7AC /* Frameworks */ = {
			isa = PBXGroup;
			children = (
				1907E0753D8413939A4444F8 /* Pods_iTunesAPISwiftUI.framework */,
			);
			name = Frameworks;
			sourceTree = "<group>";
		};
		CD4D36202389708700516836 = {
			isa = PBXGroup;
			children = (
				CD4D362B2389708700516836 /* iTunesAPISwiftUI */,
				CD4D362A2389708700516836 /* Products */,
				90395ECC32A98C0A0CEDFE34 /* Pods */,
				9484A50A2A57058770C9C7AC /* Frameworks */,
			);
			sourceTree = "<group>";
		};
		CD4D362A2389708700516836 /* Products */ = {
			isa = PBXGroup;
			children = (
				CD4D36292389708700516836 /* iTunesAPISwiftUI.app */,
			);
			name = Products;
			sourceTree = "<group>";
		};
		CD4D362B2389708700516836 /* iTunesAPISwiftUI */ = {
			isa = PBXGroup;
			children = (
				CD4D3640238971C700516836 /* Track.swift */,
				CD4D364A2389D3A100516836 /* TrackList.swift */,
				CDC6CF5C23957EED001A47D1 /* Resource.swift */,
				CD4D3642238973B400516836 /* iTunesAPI.swift */,
				CD4D36442389759200516836 /* iTunesNetwork.swift */,
				CD4D36302389708700516836 /* ContentView.swift */,
				CD4D36322389708A00516836 /* Assets.xcassets */,
				CD4D36372389708A00516836 /* LaunchScreen.storyboard */,
				CD4D363A2389708A00516836 /* Info.plist */,
				CD4D36342389708A00516836 /* Preview Content */,
				CD8EC82124A401FE0090D938 /* App.swift */,
			);
			path = iTunesAPISwiftUI;
			sourceTree = "<group>";
		};
		CD4D36342389708A00516836 /* Preview Content */ = {
			isa = PBXGroup;
			children = (
				CD4D36352389708A00516836 /* Preview Assets.xcassets */,
			);
			path = "Preview Content";
			sourceTree = "<group>";
		};
/* End PBXGroup section */

/* Begin PBXNativeTarget section */
		CD4D36282389708700516836 /* iTunesAPISwiftUI */ = {
			isa = PBXNativeTarget;
			buildConfigurationList = CD4D363D2389708A00516836 /* Build configuration list for PBXNativeTarget "iTunesAPISwiftUI" */;
			buildPhases = (
				740D2B6BAFD10ABFEAABB96F /* [CP] Check Pods Manifest.lock */,
				CD4D36252389708700516836 /* Sources */,
				CD4D36262389708700516836 /* Frameworks */,
				CD4D36272389708700516836 /* Resources */,
				9DC96B874705A4353406E65F /* [CP] Embed Pods Frameworks */,
			);
			buildRules = (
			);
			dependencies = (
			);
			name = iTunesAPISwiftUI;
			productName = iTunesAPISwiftUI;
			productReference = CD4D36292389708700516836 /* iTunesAPISwiftUI.app */;
			productType = "com.apple.product-type.application";
		};
/* End PBXNativeTarget section */

/* Begin PBXProject section */
		CD4D36212389708700516836 /* Project object */ = {
			isa = PBXProject;
			attributes = {
				LastSwiftUpdateCheck = 1120;
				LastUpgradeCheck = 1120;
				ORGANIZATIONNAME = ThreadCo;
				TargetAttributes = {
					CD4D36282389708700516836 = {
						CreatedOnToolsVersion = 11.2.1;
					};
				};
			};
			buildConfigurationList = CD4D36242389708700516836 /* Build configuration list for PBXProject "iTunesAPISwiftUI" */;
			compatibilityVersion = "Xcode 9.3";
			developmentRegion = en;
			hasScannedForEncodings = 0;
			knownRegions = (
				en,
				Base,
			);
			mainGroup = CD4D36202389708700516836;
			productRefGroup = CD4D362A2389708700516836 /* Products */;
			projectDirPath = "";
			projectRoot = "";
			targets = (
				CD4D36282389708700516836 /* iTunesAPISwiftUI */,
			);
		};
/* End PBXProject section */

/* Begin PBXResourcesBuildPhase section */
		CD4D36272389708700516836 /* Resources */ = {
			isa = PBXResourcesBuildPhase;
			buildActionMask = 2147483647;
			files = (
				CD4D36392389708A00516836 /* LaunchScreen.storyboard in Resources */,
				CD4D36362389708A00516836 /* Preview Assets.xcassets in Resources */,
				CD4D36332389708A00516836 /* Assets.xcassets in Resources */,
			);
			runOnlyForDeploymentPostprocessing = 0;
		};
/* End PBXResourcesBuildPhase section */

/* Begin PBXShellScriptBuildPhase section */
		740D2B6BAFD10ABFEAABB96F /* [CP] Check Pods Manifest.lock */ = {
			isa = PBXShellScriptBuildPhase;
			buildActionMask = 2147483647;
			files = (
			);
			inputFileListPaths = (
			);
			inputPaths = (
				"${PODS_PODFILE_DIR_PATH}/Podfile.lock",
				"${PODS_ROOT}/Manifest.lock",
			);
			name = "[CP] Check Pods Manifest.lock";
			outputFileListPaths = (
			);
			outputPaths = (
				"$(DERIVED_FILE_DIR)/Pods-iTunesAPISwiftUI-checkManifestLockResult.txt",
			);
			runOnlyForDeploymentPostprocessing = 0;
			shellPath = /bin/sh;
			shellScript = "diff \"${PODS_PODFILE_DIR_PATH}/Podfile.lock\" \"${PODS_ROOT}/Manifest.lock\" > /dev/null\nif [ $? != 0 ] ; then\n    # print error to STDERR\n    echo \"error: The sandbox is not in sync with the Podfile.lock. Run 'pod install' or update your CocoaPods installation.\" >&2\n    exit 1\nfi\n# This output is used by Xcode 'outputs' to avoid re-running this script phase.\necho \"SUCCESS\" > \"${SCRIPT_OUTPUT_FILE_0}\"\n";
			showEnvVarsInLog = 0;
		};
		9DC96B874705A4353406E65F /* [CP] Embed Pods Frameworks */ = {
			isa = PBXShellScriptBuildPhase;
			buildActionMask = 2147483647;
			files = (
			);
			inputFileListPaths = (
				"${PODS_ROOT}/Target Support Files/Pods-iTunesAPISwiftUI/Pods-iTunesAPISwiftUI-frameworks-${CONFIGURATION}-input-files.xcfilelist",
			);
			name = "[CP] Embed Pods Frameworks";
			outputFileListPaths = (
				"${PODS_ROOT}/Target Support Files/Pods-iTunesAPISwiftUI/Pods-iTunesAPISwiftUI-frameworks-${CONFIGURATION}-output-files.xcfilelist",
			);
			runOnlyForDeploymentPostprocessing = 0;
			shellPath = /bin/sh;
			shellScript = "\"${PODS_ROOT}/Target Support Files/Pods-iTunesAPISwiftUI/Pods-iTunesAPISwiftUI-frameworks.sh\"\n";
			showEnvVarsInLog = 0;
		};
/* End PBXShellScriptBuildPhase section */

/* Begin PBXSourcesBuildPhase section */
		CD4D36252389708700516836 /* Sources */ = {
			isa = PBXSourcesBuildPhase;
			buildActionMask = 2147483647;
			files = (
				CD8EC82224A401FE0090D938 /* App.swift in Sources */,
				CD4D364B2389D3A100516836 /* TrackList.swift in Sources */,
				CDC6CF5D23957EED001A47D1 /* Resource.swift in Sources */,
				CD4D3643238973B400516836 /* iTunesAPI.swift in Sources */,
				CD4D36452389759200516836 /* iTunesNetwork.swift in Sources */,
				CD4D36312389708700516836 /* ContentView.swift in Sources */,
				CD4D3641238971C700516836 /* Track.swift in Sources */,
			);
			runOnlyForDeploymentPostprocessing = 0;
		};
/* End PBXSourcesBuildPhase section */

/* Begin PBXVariantGroup section */
		CD4D36372389708A00516836 /* LaunchScreen.storyboard */ = {
			isa = PBXVariantGroup;
			children = (
				CD4D36382389708A00516836 /* Base */,
			);
			name = LaunchScreen.storyboard;
			sourceTree = "<group>";
		};
/* End PBXVariantGroup section */

/* Begin XCBuildConfiguration section */
		CD4D363B2389708A00516836 /* Debug */ = {
			isa = XCBuildConfiguration;
			buildSettings = {
				ALWAYS_SEARCH_USER_PATHS = NO;
				CLANG_ANALYZER_NONNULL = YES;
				CLANG_ANALYZER_NUMBER_OBJECT_CONVERSION = YES_AGGRESSIVE;
				CLANG_CXX_LANGUAGE_STANDARD = "gnu++14";
				CLANG_CXX_LIBRARY = "libc++";
				CLANG_ENABLE_MODULES = YES;
				CLANG_ENABLE_OBJC_ARC = YES;
				CLANG_ENABLE_OBJC_WEAK = YES;
				CLANG_WARN_BLOCK_CAPTURE_AUTORELEASING = YES;
				CLANG_WARN_BOOL_CONVERSION = YES;
				CLANG_WARN_COMMA = YES;
				CLANG_WARN_CONSTANT_CONVERSION = YES;
				CLANG_WARN_DEPRECATED_OBJC_IMPLEMENTATIONS = YES;
				CLANG_WARN_DIRECT_OBJC_ISA_USAGE = YES_ERROR;
				CLANG_WARN_DOCUMENTATION_COMMENTS = YES;
				CLANG_WARN_EMPTY_BODY = YES;
				CLANG_WARN_ENUM_CONVERSION = YES;
				CLANG_WARN_INFINITE_RECURSION = YES;
				CLANG_WARN_INT_CONVERSION = YES;
				CLANG_WARN_NON_LITERAL_NULL_CONVERSION = YES;
				CLANG_WARN_OBJC_IMPLICIT_RETAIN_SELF = YES;
				CLANG_WARN_OBJC_LITERAL_CONVERSION = YES;
				CLANG_WARN_OBJC_ROOT_CLASS = YES_ERROR;
				CLANG_WARN_RANGE_LOOP_ANALYSIS = YES;
				CLANG_WARN_STRICT_PROTOTYPES = YES;
				CLANG_WARN_SUSPICIOUS_MOVE = YES;
				CLANG_WARN_UNGUARDED_AVAILABILITY = YES_AGGRESSIVE;
				CLANG_WARN_UNREACHABLE_CODE = YES;
				CLANG_WARN__DUPLICATE_METHOD_MATCH = YES;
				COPY_PHASE_STRIP = NO;
				DEBUG_INFORMATION_FORMAT = dwarf;
				ENABLE_STRICT_OBJC_MSGSEND = YES;
				ENABLE_TESTABILITY = YES;
				GCC_C_LANGUAGE_STANDARD = gnu11;
				GCC_DYNAMIC_NO_PIC = NO;
				GCC_NO_COMMON_BLOCKS = YES;
				GCC_OPTIMIZATION_LEVEL = 0;
				GCC_PREPROCESSOR_DEFINITIONS = (
					"DEBUG=1",
					"$(inherited)",
				);
				GCC_WARN_64_TO_32_BIT_CONVERSION = YES;
				GCC_WARN_ABOUT_RETURN_TYPE = YES_ERROR;
				GCC_WARN_UNDECLARED_SELECTOR = YES;
				GCC_WARN_UNINITIALIZED_AUTOS = YES_AGGRESSIVE;
				GCC_WARN_UNUSED_FUNCTION = YES;
				GCC_WARN_UNUSED_VARIABLE = YES;
				IPHONEOS_DEPLOYMENT_TARGET = 14.0;
				MTL_ENABLE_DEBUG_INFO = INCLUDE_SOURCE;
				MTL_FAST_MATH = YES;
				ONLY_ACTIVE_ARCH = YES;
				SDKROOT = iphoneos;
				SWIFT_ACTIVE_COMPILATION_CONDITIONS = DEBUG;
				SWIFT_OPTIMIZATION_LEVEL = "-Onone";
			};
			name = Debug;
		};
		CD4D363C2389708A00516836 /* Release */ = {
			isa = XCBuildConfiguration;
			buildSettings = {
				ALWAYS_SEARCH_USER_PATHS = NO;
				CLANG_ANALYZER_NONNULL = YES;
				CLANG_ANALYZER_NUMBER_OBJECT_CONVERSION = YES_AGGRESSIVE;
				CLANG_CXX_LANGUAGE_STANDARD = "gnu++14";
				CLANG_CXX_LIBRARY = "libc++";
				CLANG_ENABLE_MODULES = YES;
				CLANG_ENABLE_OBJC_ARC = YES;
				CLANG_ENABLE_OBJC_WEAK = YES;
				CLANG_WARN_BLOCK_CAPTURE_AUTORELEASING = YES;
				CLANG_WARN_BOOL_CONVERSION = YES;
				CLANG_WARN_COMMA = YES;
				CLANG_WARN_CONSTANT_CONVERSION = YES;
				CLANG_WARN_DEPRECATED_OBJC_IMPLEMENTATIONS = YES;
				CLANG_WARN_DIRECT_OBJC_ISA_USAGE = YES_ERROR;
				CLANG_WARN_DOCUMENTATION_COMMENTS = YES;
				CLANG_WARN_EMPTY_BODY = YES;
				CLANG_WARN_ENUM_CONVERSION = YES;
				CLANG_WARN_INFINITE_RECURSION = YES;
				CLANG_WARN_INT_CONVERSION = YES;
				CLANG_WARN_NON_LITERAL_NULL_CONVERSION = YES;
				CLANG_WARN_OBJC_IMPLICIT_RETAIN_SELF = YES;
				CLANG_WARN_OBJC_LITERAL_CONVERSION = YES;
				CLANG_WARN_OBJC_ROOT_CLASS = YES_ERROR;
				CLANG_WARN_RANGE_LOOP_ANALYSIS = YES;
				CLANG_WARN_STRICT_PROTOTYPES = YES;
				CLANG_WARN_SUSPICIOUS_MOVE = YES;
				CLANG_WARN_UNGUARDED_AVAILABILITY = YES_AGGRESSIVE;
				CLANG_WARN_UNREACHABLE_CODE = YES;
				CLANG_WARN__DUPLICATE_METHOD_MATCH = YES;
				COPY_PHASE_STRIP = NO;
				DEBUG_INFORMATION_FORMAT = "dwarf-with-dsym";
				ENABLE_NS_ASSERTIONS = NO;
				ENABLE_STRICT_OBJC_MSGSEND = YES;
				GCC_C_LANGUAGE_STANDARD = gnu11;
				GCC_NO_COMMON_BLOCKS = YES;
				GCC_WARN_64_TO_32_BIT_CONVERSION = YES;
				GCC_WARN_ABOUT_RETURN_TYPE = YES_ERROR;
				GCC_WARN_UNDECLARED_SELECTOR = YES;
				GCC_WARN_UNINITIALIZED_AUTOS = YES_AGGRESSIVE;
				GCC_WARN_UNUSED_FUNCTION = YES;
				GCC_WARN_UNUSED_VARIABLE = YES;
				IPHONEOS_DEPLOYMENT_TARGET = 14.0;
				MTL_ENABLE_DEBUG_INFO = NO;
				MTL_FAST_MATH = YES;
				SDKROOT = iphoneos;
				SWIFT_COMPILATION_MODE = wholemodule;
				SWIFT_OPTIMIZATION_LEVEL = "-O";
				VALIDATE_PRODUCT = YES;
			};
			name = Release;
		};
		CD4D363E2389708A00516836 /* Debug */ = {
			isa = XCBuildConfiguration;
			baseConfigurationReference = 01F37E7426570B0D3128D68C /* Pods-iTunesAPISwiftUI.debug.xcconfig */;
			buildSettings = {
				ASSETCATALOG_COMPILER_APPICON_NAME = AppIcon;
				CODE_SIGN_STYLE = Automatic;
				DEVELOPMENT_ASSET_PATHS = "\"iTunesAPISwiftUI/Preview Content\"";
				DEVELOPMENT_TEAM = NT6HELKJQZ;
				ENABLE_PREVIEWS = YES;
				INFOPLIST_FILE = iTunesAPISwiftUI/Info.plist;
				LD_RUNPATH_SEARCH_PATHS = (
					"$(inherited)",
					"@executable_path/Frameworks",
				);
				PRODUCT_BUNDLE_IDENTIFIER = com.ThreadCo.iTunesAPISwiftUI;
				PRODUCT_NAME = "$(TARGET_NAME)";
				SWIFT_VERSION = 5.0;
				TARGETED_DEVICE_FAMILY = "1,2";
			};
			name = Debug;
		};
		CD4D363F2389708A00516836 /* Release */ = {
			isa = XCBuildConfiguration;
			baseConfigurationReference = 977582853A578A0B1EFB9C88 /* Pods-iTunesAPISwiftUI.release.xcconfig */;
			buildSettings = {
				ASSETCATALOG_COMPILER_APPICON_NAME = AppIcon;
				CODE_SIGN_STYLE = Automatic;
				DEVELOPMENT_ASSET_PATHS = "\"iTunesAPISwiftUI/Preview Content\"";
				DEVELOPMENT_TEAM = NT6HELKJQZ;
				ENABLE_PREVIEWS = YES;
				INFOPLIST_FILE = iTunesAPISwiftUI/Info.plist;
				LD_RUNPATH_SEARCH_PATHS = (
					"$(inherited)",
					"@executable_path/Frameworks",
				);
				PRODUCT_BUNDLE_IDENTIFIER = com.ThreadCo.iTunesAPISwiftUI;
				PRODUCT_NAME = "$(TARGET_NAME)";
				SWIFT_VERSION = 5.0;
				TARGETED_DEVICE_FAMILY = "1,2";
			};
			name = Release;
		};
/* End XCBuildConfiguration section */

/* Begin XCConfigurationList section */
		CD4D36242389708700516836 /* Build configuration list for PBXProject "iTunesAPISwiftUI" */ = {
			isa = XCConfigurationList;
			buildConfigurations = (
				CD4D363B2389708A00516836 /* Debug */,
				CD4D363C2389708A00516836 /* Release */,
			);
			defaultConfigurationIsVisible = 0;
			defaultConfigurationName = Release;
		};
		CD4D363D2389708A00516836 /* Build configuration list for PBXNativeTarget "iTunesAPISwiftUI" */ = {
			isa = XCConfigurationList;
			buildConfigurations = (
				CD4D363E2389708A00516836 /* Debug */,
				CD4D363F2389708A00516836 /* Release */,
			);
			defaultConfigurationIsVisible = 0;
			defaultConfigurationName = Release;
		};
/* End XCConfigurationList section */
	};
	rootObject = CD4D36212389708700516836 /* Project object */;
}
