// !$*UTF8*$!
{
	archiveVersion = 1;
	classes = {
	};
	objectVersion = 52;
	objects = {

/* Begin PBXBuildFile section */
		CD30E71426D8BCF6008C904D /* SDWebImageSwiftUI in Frameworks */ = {isa = PBXBuildFile; productRef = CD30E71326D8BCF6008C904D /* SDWebImageSwiftUI */; };
		CD707F0A26FF6C6000A14BBF /* Assets.xcassets in Resources */ = {isa = PBXBuildFile; fileRef = CD8EC82A24A40EDB0090D938 /* Assets.xcassets */; };
		CD707F1426FF768200A14BBF /* Assets.xcassets in Resources */ = {isa = PBXBuildFile; fileRef = CD707F1326FF768200A14BBF /* Assets.xcassets */; };
		CD707F1B26FF768200A14BBF /* iTunesAPISwiftUI Watch Extension.appex in Embed App Extensions */ = {isa = PBXBuildFile; fileRef = CD707F1A26FF768200A14BBF /* iTunesAPISwiftUI Watch Extension.appex */; settings = {ATTRIBUTES = (RemoveHeadersOnCopy, ); }; };
		CD707F2226FF768200A14BBF /* iTunesAPISwiftUIApp.swift in Sources */ = {isa = PBXBuildFile; fileRef = CD707F2126FF768200A14BBF /* iTunesAPISwiftUIApp.swift */; };
		CD707F2426FF768200A14BBF /* ComplicationController.swift in Sources */ = {isa = PBXBuildFile; fileRef = CD707F2326FF768200A14BBF /* ComplicationController.swift */; };
		CD707F2626FF768300A14BBF /* Assets.xcassets in Resources */ = {isa = PBXBuildFile; fileRef = CD707F2526FF768300A14BBF /* Assets.xcassets */; };
		CD707F2926FF768300A14BBF /* Preview Assets.xcassets in Resources */ = {isa = PBXBuildFile; fileRef = CD707F2826FF768300A14BBF /* Preview Assets.xcassets */; };
		CD707F2D26FF768300A14BBF /* iTunesAPISwiftUI Watch.app in Embed Watch Content */ = {isa = PBXBuildFile; fileRef = CD707F1126FF768100A14BBF /* iTunesAPISwiftUI Watch.app */; settings = {ATTRIBUTES = (RemoveHeadersOnCopy, ); }; };
		CD707F4C26FF77FC00A14BBF /* ContentView.swift in Sources */ = {isa = PBXBuildFile; fileRef = CD4D36302389708700516836 /* ContentView.swift */; };
		CD707F5326FF781800A14BBF /* SearchBar.swift in Sources */ = {isa = PBXBuildFile; fileRef = CD8EC82324A406C80090D938 /* SearchBar.swift */; };
		CD707F5A26FF781C00A14BBF /* Resource.swift in Sources */ = {isa = PBXBuildFile; fileRef = CDC6CF5C23957EED001A47D1 /* Resource.swift */; };
		CD707F5B26FF781C00A14BBF /* Track.swift in Sources */ = {isa = PBXBuildFile; fileRef = CD4D3640238971C700516836 /* Track.swift */; };
		CD707F5C26FF781C00A14BBF /* DetailView.swift in Sources */ = {isa = PBXBuildFile; fileRef = CD8EC82524A40BBD0090D938 /* DetailView.swift */; };
		CD707F5D26FF781C00A14BBF /* TrackList.swift in Sources */ = {isa = PBXBuildFile; fileRef = CD4D364A2389D3A100516836 /* TrackList.swift */; };
		CD707F7226FF7A6D00A14BBF /* SDWebImageSwiftUI in Frameworks */ = {isa = PBXBuildFile; productRef = CD707F7126FF7A6D00A14BBF /* SDWebImageSwiftUI */; };
		CD8EC84324A40EDB0090D938 /* Tests_iOS.swift in Sources */ = {isa = PBXBuildFile; fileRef = CD8EC84224A40EDB0090D938 /* Tests_iOS.swift */; };
		CD8EC84E24A40EDB0090D938 /* Tests_macOS.swift in Sources */ = {isa = PBXBuildFile; fileRef = CD8EC84D24A40EDB0090D938 /* Tests_macOS.swift */; };
		CD8EC85024A40EDB0090D938 /* iTunesAPISwiftUIApp.swift in Sources */ = {isa = PBXBuildFile; fileRef = CD8EC82824A40ED30090D938 /* iTunesAPISwiftUIApp.swift */; };
		CD8EC85124A40EDB0090D938 /* iTunesAPISwiftUIApp.swift in Sources */ = {isa = PBXBuildFile; fileRef = CD8EC82824A40ED30090D938 /* iTunesAPISwiftUIApp.swift */; };
		CD8EC85524A40EDB0090D938 /* Assets.xcassets in Resources */ = {isa = PBXBuildFile; fileRef = CD8EC82A24A40EDB0090D938 /* Assets.xcassets */; };
		CD8EC86224A40F700090D938 /* ContentView.swift in Sources */ = {isa = PBXBuildFile; fileRef = CD4D36302389708700516836 /* ContentView.swift */; };
		CD8EC86324A40F710090D938 /* ContentView.swift in Sources */ = {isa = PBXBuildFile; fileRef = CD4D36302389708700516836 /* ContentView.swift */; };
		CD8EC86424A40F750090D938 /* DetailView.swift in Sources */ = {isa = PBXBuildFile; fileRef = CD8EC82524A40BBD0090D938 /* DetailView.swift */; };
		CD8EC86524A40F750090D938 /* DetailView.swift in Sources */ = {isa = PBXBuildFile; fileRef = CD8EC82524A40BBD0090D938 /* DetailView.swift */; };
		CD8EC86624A40F7C0090D938 /* TrackList.swift in Sources */ = {isa = PBXBuildFile; fileRef = CD4D364A2389D3A100516836 /* TrackList.swift */; };
		CD8EC86724A40F7C0090D938 /* SearchBar.swift in Sources */ = {isa = PBXBuildFile; fileRef = CD8EC82324A406C80090D938 /* SearchBar.swift */; };
		CD8EC86824A40F7C0090D938 /* Track.swift in Sources */ = {isa = PBXBuildFile; fileRef = CD4D3640238971C700516836 /* Track.swift */; };
		CD8EC86B24A40F7C0090D938 /* Resource.swift in Sources */ = {isa = PBXBuildFile; fileRef = CDC6CF5C23957EED001A47D1 /* Resource.swift */; };
		CD8EC86C24A40F7C0090D938 /* TrackList.swift in Sources */ = {isa = PBXBuildFile; fileRef = CD4D364A2389D3A100516836 /* TrackList.swift */; };
		CD8EC86D24A40F7C0090D938 /* SearchBar.swift in Sources */ = {isa = PBXBuildFile; fileRef = CD8EC82324A406C80090D938 /* SearchBar.swift */; };
		CD8EC86E24A40F7C0090D938 /* Track.swift in Sources */ = {isa = PBXBuildFile; fileRef = CD4D3640238971C700516836 /* Track.swift */; };
		CD8EC87124A40F7C0090D938 /* Resource.swift in Sources */ = {isa = PBXBuildFile; fileRef = CDC6CF5C23957EED001A47D1 /* Resource.swift */; };
/* End PBXBuildFile section */

/* Begin PBXContainerItemProxy section */
		CD707F1C26FF768200A14BBF /* PBXContainerItemProxy */ = {
			isa = PBXContainerItemProxy;
			containerPortal = CD4D36212389708700516836 /* Project object */;
			proxyType = 1;
			remoteGlobalIDString = CD707F1926FF768200A14BBF;
			remoteInfo = "iTunesAPISwiftUI Watch Extension";
		};
		CD707F2B26FF768300A14BBF /* PBXContainerItemProxy */ = {
			isa = PBXContainerItemProxy;
			containerPortal = CD4D36212389708700516836 /* Project object */;
			proxyType = 1;
			remoteGlobalIDString = CD707F1026FF768100A14BBF;
			remoteInfo = "iTunesAPISwiftUI Watch";
		};
		CD8EC83F24A40EDB0090D938 /* PBXContainerItemProxy */ = {
			isa = PBXContainerItemProxy;
			containerPortal = CD4D36212389708700516836 /* Project object */;
			proxyType = 1;
			remoteGlobalIDString = CD8EC82E24A40EDB0090D938;
			remoteInfo = iOS;
		};
		CD8EC84A24A40EDB0090D938 /* PBXContainerItemProxy */ = {
			isa = PBXContainerItemProxy;
			containerPortal = CD4D36212389708700516836 /* Project object */;
			proxyType = 1;
			remoteGlobalIDString = CD8EC83524A40EDB0090D938;
			remoteInfo = macOS;
		};
/* End PBXContainerItemProxy section */

/* Begin PBXCopyFilesBuildPhase section */
		CD707F3126FF768300A14BBF /* Embed App Extensions */ = {
			isa = PBXCopyFilesBuildPhase;
			buildActionMask = 2147483647;
			dstPath = "";
			dstSubfolderSpec = 13;
			files = (
				CD707F1B26FF768200A14BBF /* iTunesAPISwiftUI Watch Extension.appex in Embed App Extensions */,
			);
			name = "Embed App Extensions";
			runOnlyForDeploymentPostprocessing = 0;
		};
		CD707F3526FF768300A14BBF /* Embed Watch Content */ = {
			isa = PBXCopyFilesBuildPhase;
			buildActionMask = 2147483647;
			dstPath = "$(CONTENTS_FOLDER_PATH)/Watch";
			dstSubfolderSpec = 16;
			files = (
				CD707F2D26FF768300A14BBF /* iTunesAPISwiftUI Watch.app in Embed Watch Content */,
			);
			name = "Embed Watch Content";
			runOnlyForDeploymentPostprocessing = 0;
		};
/* End PBXCopyFilesBuildPhase section */

/* Begin PBXFileReference section */
		CD4D36302389708700516836 /* ContentView.swift */ = {isa = PBXFileReference; lastKnownFileType = sourcecode.swift; name = ContentView.swift; path = ../iTunesAPISwiftUI/ContentView.swift; sourceTree = "<group>"; };
		CD4D36322389708A00516836 /* Assets.xcassets */ = {isa = PBXFileReference; lastKnownFileType = folder.assetcatalog; path = Assets.xcassets; sourceTree = "<group>"; };
		CD4D36352389708A00516836 /* Preview Assets.xcassets */ = {isa = PBXFileReference; lastKnownFileType = folder.assetcatalog; path = "Preview Assets.xcassets"; sourceTree = "<group>"; };
		CD4D36382389708A00516836 /* Base */ = {isa = PBXFileReference; lastKnownFileType = file.storyboard; name = Base; path = Base.lproj/LaunchScreen.storyboard; sourceTree = "<group>"; };
		CD4D3640238971C700516836 /* Track.swift */ = {isa = PBXFileReference; lastKnownFileType = sourcecode.swift; path = Track.swift; sourceTree = "<group>"; };
		CD4D364A2389D3A100516836 /* TrackList.swift */ = {isa = PBXFileReference; lastKnownFileType = sourcecode.swift; path = TrackList.swift; sourceTree = "<group>"; };
		CD707F1126FF768100A14BBF /* iTunesAPISwiftUI Watch.app */ = {isa = PBXFileReference; explicitFileType = wrapper.application; includeInIndex = 0; path = "iTunesAPISwiftUI Watch.app"; sourceTree = BUILT_PRODUCTS_DIR; };
		CD707F1326FF768200A14BBF /* Assets.xcassets */ = {isa = PBXFileReference; lastKnownFileType = folder.assetcatalog; path = Assets.xcassets; sourceTree = "<group>"; };
		CD707F1526FF768200A14BBF /* Info.plist */ = {isa = PBXFileReference; lastKnownFileType = text.plist.xml; path = Info.plist; sourceTree = "<group>"; };
		CD707F1A26FF768200A14BBF /* iTunesAPISwiftUI Watch Extension.appex */ = {isa = PBXFileReference; explicitFileType = "wrapper.app-extension"; includeInIndex = 0; path = "iTunesAPISwiftUI Watch Extension.appex"; sourceTree = BUILT_PRODUCTS_DIR; };
		CD707F2126FF768200A14BBF /* iTunesAPISwiftUIApp.swift */ = {isa = PBXFileReference; lastKnownFileType = sourcecode.swift; path = iTunesAPISwiftUIApp.swift; sourceTree = "<group>"; };
		CD707F2326FF768200A14BBF /* ComplicationController.swift */ = {isa = PBXFileReference; lastKnownFileType = sourcecode.swift; path = ComplicationController.swift; sourceTree = "<group>"; };
		CD707F2526FF768300A14BBF /* Assets.xcassets */ = {isa = PBXFileReference; lastKnownFileType = folder.assetcatalog; path = Assets.xcassets; sourceTree = "<group>"; };
		CD707F2826FF768300A14BBF /* Preview Assets.xcassets */ = {isa = PBXFileReference; lastKnownFileType = folder.assetcatalog; path = "Preview Assets.xcassets"; sourceTree = "<group>"; };
		CD707F2A26FF768300A14BBF /* Info.plist */ = {isa = PBXFileReference; lastKnownFileType = text.plist.xml; path = Info.plist; sourceTree = "<group>"; };
		CD8EC82324A406C80090D938 /* SearchBar.swift */ = {isa = PBXFileReference; lastKnownFileType = sourcecode.swift; path = SearchBar.swift; sourceTree = "<group>"; };
		CD8EC82524A40BBD0090D938 /* DetailView.swift */ = {isa = PBXFileReference; lastKnownFileType = sourcecode.swift; path = DetailView.swift; sourceTree = "<group>"; };
		CD8EC82824A40ED30090D938 /* iTunesAPISwiftUIApp.swift */ = {isa = PBXFileReference; lastKnownFileType = sourcecode.swift; path = iTunesAPISwiftUIApp.swift; sourceTree = "<group>"; };
		CD8EC82A24A40EDB0090D938 /* Assets.xcassets */ = {isa = PBXFileReference; lastKnownFileType = folder.assetcatalog; path = Assets.xcassets; sourceTree = "<group>"; };
		CD8EC82F24A40EDB0090D938 /* iTunesAPISwiftUI.app */ = {isa = PBXFileReference; explicitFileType = wrapper.application; includeInIndex = 0; path = iTunesAPISwiftUI.app; sourceTree = BUILT_PRODUCTS_DIR; };
		CD8EC83124A40EDB0090D938 /* Info.plist */ = {isa = PBXFileReference; lastKnownFileType = text.plist.xml; path = Info.plist; sourceTree = "<group>"; };
		CD8EC83624A40EDB0090D938 /* iTunesAPISwiftUI.app */ = {isa = PBXFileReference; explicitFileType = wrapper.application; includeInIndex = 0; path = iTunesAPISwiftUI.app; sourceTree = BUILT_PRODUCTS_DIR; };
		CD8EC83824A40EDB0090D938 /* Info.plist */ = {isa = PBXFileReference; lastKnownFileType = text.plist.xml; path = Info.plist; sourceTree = "<group>"; };
		CD8EC83924A40EDB0090D938 /* macOS.entitlements */ = {isa = PBXFileReference; lastKnownFileType = text.plist.entitlements; path = macOS.entitlements; sourceTree = "<group>"; };
		CD8EC83E24A40EDB0090D938 /* Tests iOS.xctest */ = {isa = PBXFileReference; explicitFileType = wrapper.cfbundle; includeInIndex = 0; path = "Tests iOS.xctest"; sourceTree = BUILT_PRODUCTS_DIR; };
		CD8EC84224A40EDB0090D938 /* Tests_iOS.swift */ = {isa = PBXFileReference; lastKnownFileType = sourcecode.swift; path = Tests_iOS.swift; sourceTree = "<group>"; };
		CD8EC84424A40EDB0090D938 /* Info.plist */ = {isa = PBXFileReference; lastKnownFileType = text.plist.xml; path = Info.plist; sourceTree = "<group>"; };
		CD8EC84924A40EDB0090D938 /* Tests macOS.xctest */ = {isa = PBXFileReference; explicitFileType = wrapper.cfbundle; includeInIndex = 0; path = "Tests macOS.xctest"; sourceTree = BUILT_PRODUCTS_DIR; };
		CD8EC84D24A40EDB0090D938 /* Tests_macOS.swift */ = {isa = PBXFileReference; lastKnownFileType = sourcecode.swift; path = Tests_macOS.swift; sourceTree = "<group>"; };
		CD8EC84F24A40EDB0090D938 /* Info.plist */ = {isa = PBXFileReference; lastKnownFileType = text.plist.xml; path = Info.plist; sourceTree = "<group>"; };
		CDC6CF5C23957EED001A47D1 /* Resource.swift */ = {isa = PBXFileReference; lastKnownFileType = sourcecode.swift; path = Resource.swift; sourceTree = "<group>"; };
/* End PBXFileReference section */

/* Begin PBXFrameworksBuildPhase section */
		CD707F1726FF768200A14BBF /* Frameworks */ = {
			isa = PBXFrameworksBuildPhase;
			buildActionMask = 2147483647;
			files = (
				CD707F7226FF7A6D00A14BBF /* SDWebImageSwiftUI in Frameworks */,
			);
			runOnlyForDeploymentPostprocessing = 0;
		};
		CD8EC82C24A40EDB0090D938 /* Frameworks */ = {
			isa = PBXFrameworksBuildPhase;
			buildActionMask = 2147483647;
			files = (
				CD30E71426D8BCF6008C904D /* SDWebImageSwiftUI in Frameworks */,
			);
			runOnlyForDeploymentPostprocessing = 0;
		};
		CD8EC83324A40EDB0090D938 /* Frameworks */ = {
			isa = PBXFrameworksBuildPhase;
			buildActionMask = 2147483647;
			files = (
			);
			runOnlyForDeploymentPostprocessing = 0;
		};
		CD8EC83B24A40EDB0090D938 /* Frameworks */ = {
			isa = PBXFrameworksBuildPhase;
			buildActionMask = 2147483647;
			files = (
			);
			runOnlyForDeploymentPostprocessing = 0;
		};
		CD8EC84624A40EDB0090D938 /* Frameworks */ = {
			isa = PBXFrameworksBuildPhase;
			buildActionMask = 2147483647;
			files = (
			);
			runOnlyForDeploymentPostprocessing = 0;
		};
/* End PBXFrameworksBuildPhase section */

/* Begin PBXGroup section */
		CD4D36202389708700516836 = {
			isa = PBXGroup;
			children = (
				CD4D362B2389708700516836 /* iTunesAPISwiftUI */,
				CD8EC82724A40ED30090D938 /* Shared */,
				CD8EC83024A40EDB0090D938 /* iOS */,
				CD8EC83724A40EDB0090D938 /* macOS */,
				CD8EC84124A40EDB0090D938 /* Tests iOS */,
				CD8EC84C24A40EDB0090D938 /* Tests macOS */,
				CD707F1226FF768100A14BBF /* iTunesAPISwiftUI Watch */,
				CD707F1E26FF768200A14BBF /* iTunesAPISwiftUI Watch Extension */,
				CD4D362A2389708700516836 /* Products */,
				CD707F7026FF7A6D00A14BBF /* Frameworks */,
			);
			sourceTree = "<group>";
		};
		CD4D362A2389708700516836 /* Products */ = {
			isa = PBXGroup;
			children = (
				CD8EC82F24A40EDB0090D938 /* iTunesAPISwiftUI.app */,
				CD8EC83624A40EDB0090D938 /* iTunesAPISwiftUI.app */,
				CD8EC83E24A40EDB0090D938 /* Tests iOS.xctest */,
				CD8EC84924A40EDB0090D938 /* Tests macOS.xctest */,
				CD707F1126FF768100A14BBF /* iTunesAPISwiftUI Watch.app */,
				CD707F1A26FF768200A14BBF /* iTunesAPISwiftUI Watch Extension.appex */,
			);
			name = Products;
			sourceTree = "<group>";
		};
		CD4D362B2389708700516836 /* iTunesAPISwiftUI */ = {
			isa = PBXGroup;
			children = (
				CD4D36322389708A00516836 /* Assets.xcassets */,
				CD4D36372389708A00516836 /* LaunchScreen.storyboard */,
				CD4D36342389708A00516836 /* Preview Content */,
			);
			path = iTunesAPISwiftUI;
			sourceTree = "<group>";
		};
		CD4D36342389708A00516836 /* Preview Content */ = {
			isa = PBXGroup;
			children = (
				CD4D36352389708A00516836 /* Preview Assets.xcassets */,
			);
			path = "Preview Content";
			sourceTree = "<group>";
		};
		CD707F1226FF768100A14BBF /* iTunesAPISwiftUI Watch */ = {
			isa = PBXGroup;
			children = (
				CD707F1326FF768200A14BBF /* Assets.xcassets */,
				CD707F1526FF768200A14BBF /* Info.plist */,
			);
			path = "iTunesAPISwiftUI Watch";
			sourceTree = "<group>";
		};
		CD707F1E26FF768200A14BBF /* iTunesAPISwiftUI Watch Extension */ = {
			isa = PBXGroup;
			children = (
				CD707F2126FF768200A14BBF /* iTunesAPISwiftUIApp.swift */,
				CD707F2326FF768200A14BBF /* ComplicationController.swift */,
				CD707F2526FF768300A14BBF /* Assets.xcassets */,
				CD707F2A26FF768300A14BBF /* Info.plist */,
				CD707F2726FF768300A14BBF /* Preview Content */,
			);
			path = "iTunesAPISwiftUI Watch Extension";
			sourceTree = "<group>";
		};
		CD707F2726FF768300A14BBF /* Preview Content */ = {
			isa = PBXGroup;
			children = (
				CD707F2826FF768300A14BBF /* Preview Assets.xcassets */,
			);
			path = "Preview Content";
			sourceTree = "<group>";
		};
		CD707F7026FF7A6D00A14BBF /* Frameworks */ = {
			isa = PBXGroup;
			children = (
			);
			name = Frameworks;
			sourceTree = "<group>";
		};
		CD8EC82724A40ED30090D938 /* Shared */ = {
			isa = PBXGroup;
			children = (
				CD4D3640238971C700516836 /* Track.swift */,
				CD4D364A2389D3A100516836 /* TrackList.swift */,
				CDC6CF5C23957EED001A47D1 /* Resource.swift */,
				CD4D36302389708700516836 /* ContentView.swift */,
				CD8EC82524A40BBD0090D938 /* DetailView.swift */,
				CD8EC82324A406C80090D938 /* SearchBar.swift */,
				CD8EC82824A40ED30090D938 /* iTunesAPISwiftUIApp.swift */,
				CD8EC82A24A40EDB0090D938 /* Assets.xcassets */,
			);
			path = Shared;
			sourceTree = "<group>";
		};
		CD8EC83024A40EDB0090D938 /* iOS */ = {
			isa = PBXGroup;
			children = (
				CD8EC83124A40EDB0090D938 /* Info.plist */,
			);
			path = iOS;
			sourceTree = "<group>";
		};
		CD8EC83724A40EDB0090D938 /* macOS */ = {
			isa = PBXGroup;
			children = (
				CD8EC83824A40EDB0090D938 /* Info.plist */,
				CD8EC83924A40EDB0090D938 /* macOS.entitlements */,
			);
			path = macOS;
			sourceTree = "<group>";
		};
		CD8EC84124A40EDB0090D938 /* Tests iOS */ = {
			isa = PBXGroup;
			children = (
				CD8EC84224A40EDB0090D938 /* Tests_iOS.swift */,
				CD8EC84424A40EDB0090D938 /* Info.plist */,
			);
			path = "Tests iOS";
			sourceTree = "<group>";
		};
		CD8EC84C24A40EDB0090D938 /* Tests macOS */ = {
			isa = PBXGroup;
			children = (
				CD8EC84D24A40EDB0090D938 /* Tests_macOS.swift */,
				CD8EC84F24A40EDB0090D938 /* Info.plist */,
			);
			path = "Tests macOS";
			sourceTree = "<group>";
		};
/* End PBXGroup section */

/* Begin PBXNativeTarget section */
		CD707F1026FF768100A14BBF /* iTunesAPISwiftUI Watch */ = {
			isa = PBXNativeTarget;
			buildConfigurationList = CD707F3226FF768300A14BBF /* Build configuration list for PBXNativeTarget "iTunesAPISwiftUI Watch" */;
			buildPhases = (
				CD707F0F26FF768100A14BBF /* Resources */,
				CD707F3126FF768300A14BBF /* Embed App Extensions */,
			);
			buildRules = (
			);
			dependencies = (
				CD707F1D26FF768200A14BBF /* PBXTargetDependency */,
			);
			name = "iTunesAPISwiftUI Watch";
			productName = "iTunesAPISwiftUI Watch";
			productReference = CD707F1126FF768100A14BBF /* iTunesAPISwiftUI Watch.app */;
			productType = "com.apple.product-type.application.watchapp2";
		};
		CD707F1926FF768200A14BBF /* iTunesAPISwiftUI Watch Extension */ = {
			isa = PBXNativeTarget;
			buildConfigurationList = CD707F2E26FF768300A14BBF /* Build configuration list for PBXNativeTarget "iTunesAPISwiftUI Watch Extension" */;
			buildPhases = (
				CD707F1626FF768200A14BBF /* Sources */,
				CD707F1726FF768200A14BBF /* Frameworks */,
				CD707F1826FF768200A14BBF /* Resources */,
			);
			buildRules = (
			);
			dependencies = (
			);
			name = "iTunesAPISwiftUI Watch Extension";
			packageProductDependencies = (
				CD707F7126FF7A6D00A14BBF /* SDWebImageSwiftUI */,
			);
			productName = "iTunesAPISwiftUI Watch Extension";
			productReference = CD707F1A26FF768200A14BBF /* iTunesAPISwiftUI Watch Extension.appex */;
			productType = "com.apple.product-type.watchkit2-extension";
		};
		CD8EC82E24A40EDB0090D938 /* iOS */ = {
			isa = PBXNativeTarget;
			buildConfigurationList = CD8EC85624A40EDB0090D938 /* Build configuration list for PBXNativeTarget "iOS" */;
			buildPhases = (
				CD8EC82B24A40EDB0090D938 /* Sources */,
				CD8EC82C24A40EDB0090D938 /* Frameworks */,
				CD8EC82D24A40EDB0090D938 /* Resources */,
				CD707F3526FF768300A14BBF /* Embed Watch Content */,
			);
			buildRules = (
			);
			dependencies = (
				CD707F2C26FF768300A14BBF /* PBXTargetDependency */,
			);
			name = iOS;
			packageProductDependencies = (
				CD30E71326D8BCF6008C904D /* SDWebImageSwiftUI */,
			);
			productName = iOS;
			productReference = CD8EC82F24A40EDB0090D938 /* iTunesAPISwiftUI.app */;
			productType = "com.apple.product-type.application";
		};
		CD8EC83524A40EDB0090D938 /* macOS */ = {
			isa = PBXNativeTarget;
			buildConfigurationList = CD8EC85924A40EDB0090D938 /* Build configuration list for PBXNativeTarget "macOS" */;
			buildPhases = (
				CD8EC83224A40EDB0090D938 /* Sources */,
				CD8EC83324A40EDB0090D938 /* Frameworks */,
				CD8EC83424A40EDB0090D938 /* Resources */,
			);
			buildRules = (
			);
			dependencies = (
			);
			name = macOS;
			packageProductDependencies = (
			);
			productName = macOS;
			productReference = CD8EC83624A40EDB0090D938 /* iTunesAPISwiftUI.app */;
			productType = "com.apple.product-type.application";
		};
		CD8EC83D24A40EDB0090D938 /* Tests iOS */ = {
			isa = PBXNativeTarget;
			buildConfigurationList = CD8EC85C24A40EDB0090D938 /* Build configuration list for PBXNativeTarget "Tests iOS" */;
			buildPhases = (
				CD8EC83A24A40EDB0090D938 /* Sources */,
				CD8EC83B24A40EDB0090D938 /* Frameworks */,
				CD8EC83C24A40EDB0090D938 /* Resources */,
			);
			buildRules = (
			);
			dependencies = (
				CD8EC84024A40EDB0090D938 /* PBXTargetDependency */,
			);
			name = "Tests iOS";
			productName = "Tests iOS";
			productReference = CD8EC83E24A40EDB0090D938 /* Tests iOS.xctest */;
			productType = "com.apple.product-type.bundle.ui-testing";
		};
		CD8EC84824A40EDB0090D938 /* Tests macOS */ = {
			isa = PBXNativeTarget;
			buildConfigurationList = CD8EC85F24A40EDB0090D938 /* Build configuration list for PBXNativeTarget "Tests macOS" */;
			buildPhases = (
				CD8EC84524A40EDB0090D938 /* Sources */,
				CD8EC84624A40EDB0090D938 /* Frameworks */,
				CD8EC84724A40EDB0090D938 /* Resources */,
			);
			buildRules = (
			);
			dependencies = (
				CD8EC84B24A40EDB0090D938 /* PBXTargetDependency */,
			);
			name = "Tests macOS";
			productName = "Tests macOS";
			productReference = CD8EC84924A40EDB0090D938 /* Tests macOS.xctest */;
			productType = "com.apple.product-type.bundle.ui-testing";
		};
/* End PBXNativeTarget section */

/* Begin PBXProject section */
		CD4D36212389708700516836 /* Project object */ = {
			isa = PBXProject;
			attributes = {
				LastSwiftUpdateCheck = 1240;
				LastUpgradeCheck = 1200;
				ORGANIZATIONNAME = ThreadCo;
				TargetAttributes = {
					CD707F1026FF768100A14BBF = {
						CreatedOnToolsVersion = 12.4;
					};
					CD707F1926FF768200A14BBF = {
						CreatedOnToolsVersion = 12.4;
					};
					CD8EC82E24A40EDB0090D938 = {
						CreatedOnToolsVersion = 12.0;
					};
					CD8EC83524A40EDB0090D938 = {
						CreatedOnToolsVersion = 12.0;
					};
					CD8EC83D24A40EDB0090D938 = {
						CreatedOnToolsVersion = 12.0;
						TestTargetID = CD8EC82E24A40EDB0090D938;
					};
					CD8EC84824A40EDB0090D938 = {
						CreatedOnToolsVersion = 12.0;
						TestTargetID = CD8EC83524A40EDB0090D938;
					};
				};
			};
			buildConfigurationList = CD4D36242389708700516836 /* Build configuration list for PBXProject "iTunesAPISwiftUI" */;
			compatibilityVersion = "Xcode 9.3";
			developmentRegion = en;
			hasScannedForEncodings = 0;
			knownRegions = (
				en,
				Base,
			);
			mainGroup = CD4D36202389708700516836;
			packageReferences = (
				CD30E71226D8BCF6008C904D /* XCRemoteSwiftPackageReference "SDWebImageSwiftUI" */,
			);
			productRefGroup = CD4D362A2389708700516836 /* Products */;
			projectDirPath = "";
			projectRoot = "";
			targets = (
				CD8EC82E24A40EDB0090D938 /* iOS */,
				CD8EC83524A40EDB0090D938 /* macOS */,
				CD8EC83D24A40EDB0090D938 /* Tests iOS */,
				CD8EC84824A40EDB0090D938 /* Tests macOS */,
				CD707F1026FF768100A14BBF /* iTunesAPISwiftUI Watch */,
				CD707F1926FF768200A14BBF /* iTunesAPISwiftUI Watch Extension */,
			);
		};
/* End PBXProject section */

/* Begin PBXResourcesBuildPhase section */
		CD707F0F26FF768100A14BBF /* Resources */ = {
			isa = PBXResourcesBuildPhase;
			buildActionMask = 2147483647;
			files = (
				CD707F1426FF768200A14BBF /* Assets.xcassets in Resources */,
			);
			runOnlyForDeploymentPostprocessing = 0;
		};
		CD707F1826FF768200A14BBF /* Resources */ = {
			isa = PBXResourcesBuildPhase;
			buildActionMask = 2147483647;
			files = (
				CD707F2926FF768300A14BBF /* Preview Assets.xcassets in Resources */,
				CD707F2626FF768300A14BBF /* Assets.xcassets in Resources */,
			);
			runOnlyForDeploymentPostprocessing = 0;
		};
		CD8EC82D24A40EDB0090D938 /* Resources */ = {
			isa = PBXResourcesBuildPhase;
			buildActionMask = 2147483647;
			files = (
				CD707F0A26FF6C6000A14BBF /* Assets.xcassets in Resources */,
			);
			runOnlyForDeploymentPostprocessing = 0;
		};
		CD8EC83424A40EDB0090D938 /* Resources */ = {
			isa = PBXResourcesBuildPhase;
			buildActionMask = 2147483647;
			files = (
				CD8EC85524A40EDB0090D938 /* Assets.xcassets in Resources */,
			);
			runOnlyForDeploymentPostprocessing = 0;
		};
		CD8EC83C24A40EDB0090D938 /* Resources */ = {
			isa = PBXResourcesBuildPhase;
			buildActionMask = 2147483647;
			files = (
			);
			runOnlyForDeploymentPostprocessing = 0;
		};
		CD8EC84724A40EDB0090D938 /* Resources */ = {
			isa = PBXResourcesBuildPhase;
			buildActionMask = 2147483647;
			files = (
			);
			runOnlyForDeploymentPostprocessing = 0;
		};
/* End PBXResourcesBuildPhase section */

/* Begin PBXSourcesBuildPhase section */
		CD707F1626FF768200A14BBF /* Sources */ = {
			isa = PBXSourcesBuildPhase;
			buildActionMask = 2147483647;
			files = (
				CD707F2226FF768200A14BBF /* iTunesAPISwiftUIApp.swift in Sources */,
				CD707F5326FF781800A14BBF /* SearchBar.swift in Sources */,
				CD707F2426FF768200A14BBF /* ComplicationController.swift in Sources */,
				CD707F5D26FF781C00A14BBF /* TrackList.swift in Sources */,
				CD707F5C26FF781C00A14BBF /* DetailView.swift in Sources */,
				CD707F5A26FF781C00A14BBF /* Resource.swift in Sources */,
				CD707F4C26FF77FC00A14BBF /* ContentView.swift in Sources */,
				CD707F5B26FF781C00A14BBF /* Track.swift in Sources */,
			);
			runOnlyForDeploymentPostprocessing = 0;
		};
		CD8EC82B24A40EDB0090D938 /* Sources */ = {
			isa = PBXSourcesBuildPhase;
			buildActionMask = 2147483647;
			files = (
				CD8EC86B24A40F7C0090D938 /* Resource.swift in Sources */,
				CD8EC86224A40F700090D938 /* ContentView.swift in Sources */,
				CD8EC86424A40F750090D938 /* DetailView.swift in Sources */,
				CD8EC86724A40F7C0090D938 /* SearchBar.swift in Sources */,
				CD8EC85024A40EDB0090D938 /* iTunesAPISwiftUIApp.swift in Sources */,
				CD8EC86624A40F7C0090D938 /* TrackList.swift in Sources */,
				CD8EC86824A40F7C0090D938 /* Track.swift in Sources */,
			);
			runOnlyForDeploymentPostprocessing = 0;
		};
		CD8EC83224A40EDB0090D938 /* Sources */ = {
			isa = PBXSourcesBuildPhase;
			buildActionMask = 2147483647;
			files = (
				CD8EC87124A40F7C0090D938 /* Resource.swift in Sources */,
				CD8EC86324A40F710090D938 /* ContentView.swift in Sources */,
				CD8EC86524A40F750090D938 /* DetailView.swift in Sources */,
				CD8EC86D24A40F7C0090D938 /* SearchBar.swift in Sources */,
				CD8EC85124A40EDB0090D938 /* iTunesAPISwiftUIApp.swift in Sources */,
				CD8EC86C24A40F7C0090D938 /* TrackList.swift in Sources */,
				CD8EC86E24A40F7C0090D938 /* Track.swift in Sources */,
			);
			runOnlyForDeploymentPostprocessing = 0;
		};
		CD8EC83A24A40EDB0090D938 /* Sources */ = {
			isa = PBXSourcesBuildPhase;
			buildActionMask = 2147483647;
			files = (
				CD8EC84324A40EDB0090D938 /* Tests_iOS.swift in Sources */,
			);
			runOnlyForDeploymentPostprocessing = 0;
		};
		CD8EC84524A40EDB0090D938 /* Sources */ = {
			isa = PBXSourcesBuildPhase;
			buildActionMask = 2147483647;
			files = (
				CD8EC84E24A40EDB0090D938 /* Tests_macOS.swift in Sources */,
			);
			runOnlyForDeploymentPostprocessing = 0;
		};
/* End PBXSourcesBuildPhase section */

/* Begin PBXTargetDependency section */
		CD707F1D26FF768200A14BBF /* PBXTargetDependency */ = {
			isa = PBXTargetDependency;
			target = CD707F1926FF768200A14BBF /* iTunesAPISwiftUI Watch Extension */;
			targetProxy = CD707F1C26FF768200A14BBF /* PBXContainerItemProxy */;
		};
		CD707F2C26FF768300A14BBF /* PBXTargetDependency */ = {
			isa = PBXTargetDependency;
			target = CD707F1026FF768100A14BBF /* iTunesAPISwiftUI Watch */;
			targetProxy = CD707F2B26FF768300A14BBF /* PBXContainerItemProxy */;
		};
		CD8EC84024A40EDB0090D938 /* PBXTargetDependency */ = {
			isa = PBXTargetDependency;
			target = CD8EC82E24A40EDB0090D938 /* iOS */;
			targetProxy = CD8EC83F24A40EDB0090D938 /* PBXContainerItemProxy */;
		};
		CD8EC84B24A40EDB0090D938 /* PBXTargetDependency */ = {
			isa = PBXTargetDependency;
			target = CD8EC83524A40EDB0090D938 /* macOS */;
			targetProxy = CD8EC84A24A40EDB0090D938 /* PBXContainerItemProxy */;
		};
/* End PBXTargetDependency section */

/* Begin PBXVariantGroup section */
		CD4D36372389708A00516836 /* LaunchScreen.storyboard */ = {
			isa = PBXVariantGroup;
			children = (
				CD4D36382389708A00516836 /* Base */,
			);
			name = LaunchScreen.storyboard;
			sourceTree = "<group>";
		};
/* End PBXVariantGroup section */

/* Begin XCBuildConfiguration section */
		CD4D363B2389708A00516836 /* Debug */ = {
			isa = XCBuildConfiguration;
			buildSettings = {
				ALWAYS_SEARCH_USER_PATHS = NO;
				CLANG_ANALYZER_NONNULL = YES;
				CLANG_ANALYZER_NUMBER_OBJECT_CONVERSION = YES_AGGRESSIVE;
				CLANG_CXX_LANGUAGE_STANDARD = "gnu++14";
				CLANG_CXX_LIBRARY = "libc++";
				CLANG_ENABLE_MODULES = YES;
				CLANG_ENABLE_OBJC_ARC = YES;
				CLANG_ENABLE_OBJC_WEAK = YES;
				CLANG_WARN_BLOCK_CAPTURE_AUTORELEASING = YES;
				CLANG_WARN_BOOL_CONVERSION = YES;
				CLANG_WARN_COMMA = YES;
				CLANG_WARN_CONSTANT_CONVERSION = YES;
				CLANG_WARN_DEPRECATED_OBJC_IMPLEMENTATIONS = YES;
				CLANG_WARN_DIRECT_OBJC_ISA_USAGE = YES_ERROR;
				CLANG_WARN_DOCUMENTATION_COMMENTS = YES;
				CLANG_WARN_EMPTY_BODY = YES;
				CLANG_WARN_ENUM_CONVERSION = YES;
				CLANG_WARN_INFINITE_RECURSION = YES;
				CLANG_WARN_INT_CONVERSION = YES;
				CLANG_WARN_NON_LITERAL_NULL_CONVERSION = YES;
				CLANG_WARN_OBJC_IMPLICIT_RETAIN_SELF = YES;
				CLANG_WARN_OBJC_LITERAL_CONVERSION = YES;
				CLANG_WARN_OBJC_ROOT_CLASS = YES_ERROR;
				CLANG_WARN_QUOTED_INCLUDE_IN_FRAMEWORK_HEADER = YES;
				CLANG_WARN_RANGE_LOOP_ANALYSIS = YES;
				CLANG_WARN_STRICT_PROTOTYPES = YES;
				CLANG_WARN_SUSPICIOUS_MOVE = YES;
				CLANG_WARN_UNGUARDED_AVAILABILITY = YES_AGGRESSIVE;
				CLANG_WARN_UNREACHABLE_CODE = YES;
				CLANG_WARN__DUPLICATE_METHOD_MATCH = YES;
				COPY_PHASE_STRIP = NO;
				DEBUG_INFORMATION_FORMAT = dwarf;
				ENABLE_STRICT_OBJC_MSGSEND = YES;
				ENABLE_TESTABILITY = YES;
				GCC_C_LANGUAGE_STANDARD = gnu11;
				GCC_DYNAMIC_NO_PIC = NO;
				GCC_NO_COMMON_BLOCKS = YES;
				GCC_OPTIMIZATION_LEVEL = 0;
				GCC_PREPROCESSOR_DEFINITIONS = (
					"DEBUG=1",
					"$(inherited)",
				);
				GCC_WARN_64_TO_32_BIT_CONVERSION = YES;
				GCC_WARN_ABOUT_RETURN_TYPE = YES_ERROR;
				GCC_WARN_UNDECLARED_SELECTOR = YES;
				GCC_WARN_UNINITIALIZED_AUTOS = YES_AGGRESSIVE;
				GCC_WARN_UNUSED_FUNCTION = YES;
				GCC_WARN_UNUSED_VARIABLE = YES;
				IPHONEOS_DEPLOYMENT_TARGET = 14.0;
				MACOSX_DEPLOYMENT_TARGET = 11.1;
				MTL_ENABLE_DEBUG_INFO = INCLUDE_SOURCE;
				MTL_FAST_MATH = YES;
				ONLY_ACTIVE_ARCH = YES;
				SDKROOT = iphoneos;
				SWIFT_ACTIVE_COMPILATION_CONDITIONS = DEBUG;
				SWIFT_OPTIMIZATION_LEVEL = "-Onone";
			};
			name = Debug;
		};
		CD4D363C2389708A00516836 /* Release */ = {
			isa = XCBuildConfiguration;
			buildSettings = {
				ALWAYS_SEARCH_USER_PATHS = NO;
				CLANG_ANALYZER_NONNULL = YES;
				CLANG_ANALYZER_NUMBER_OBJECT_CONVERSION = YES_AGGRESSIVE;
				CLANG_CXX_LANGUAGE_STANDARD = "gnu++14";
				CLANG_CXX_LIBRARY = "libc++";
				CLANG_ENABLE_MODULES = YES;
				CLANG_ENABLE_OBJC_ARC = YES;
				CLANG_ENABLE_OBJC_WEAK = YES;
				CLANG_WARN_BLOCK_CAPTURE_AUTORELEASING = YES;
				CLANG_WARN_BOOL_CONVERSION = YES;
				CLANG_WARN_COMMA = YES;
				CLANG_WARN_CONSTANT_CONVERSION = YES;
				CLANG_WARN_DEPRECATED_OBJC_IMPLEMENTATIONS = YES;
				CLANG_WARN_DIRECT_OBJC_ISA_USAGE = YES_ERROR;
				CLANG_WARN_DOCUMENTATION_COMMENTS = YES;
				CLANG_WARN_EMPTY_BODY = YES;
				CLANG_WARN_ENUM_CONVERSION = YES;
				CLANG_WARN_INFINITE_RECURSION = YES;
				CLANG_WARN_INT_CONVERSION = YES;
				CLANG_WARN_NON_LITERAL_NULL_CONVERSION = YES;
				CLANG_WARN_OBJC_IMPLICIT_RETAIN_SELF = YES;
				CLANG_WARN_OBJC_LITERAL_CONVERSION = YES;
				CLANG_WARN_OBJC_ROOT_CLASS = YES_ERROR;
				CLANG_WARN_QUOTED_INCLUDE_IN_FRAMEWORK_HEADER = YES;
				CLANG_WARN_RANGE_LOOP_ANALYSIS = YES;
				CLANG_WARN_STRICT_PROTOTYPES = YES;
				CLANG_WARN_SUSPICIOUS_MOVE = YES;
				CLANG_WARN_UNGUARDED_AVAILABILITY = YES_AGGRESSIVE;
				CLANG_WARN_UNREACHABLE_CODE = YES;
				CLANG_WARN__DUPLICATE_METHOD_MATCH = YES;
				COPY_PHASE_STRIP = NO;
				DEBUG_INFORMATION_FORMAT = "dwarf-with-dsym";
				ENABLE_NS_ASSERTIONS = NO;
				ENABLE_STRICT_OBJC_MSGSEND = YES;
				GCC_C_LANGUAGE_STANDARD = gnu11;
				GCC_NO_COMMON_BLOCKS = YES;
				GCC_WARN_64_TO_32_BIT_CONVERSION = YES;
				GCC_WARN_ABOUT_RETURN_TYPE = YES_ERROR;
				GCC_WARN_UNDECLARED_SELECTOR = YES;
				GCC_WARN_UNINITIALIZED_AUTOS = YES_AGGRESSIVE;
				GCC_WARN_UNUSED_FUNCTION = YES;
				GCC_WARN_UNUSED_VARIABLE = YES;
				IPHONEOS_DEPLOYMENT_TARGET = 14.0;
				MACOSX_DEPLOYMENT_TARGET = 11.1;
				MTL_ENABLE_DEBUG_INFO = NO;
				MTL_FAST_MATH = YES;
				SDKROOT = iphoneos;
				SWIFT_COMPILATION_MODE = wholemodule;
				SWIFT_OPTIMIZATION_LEVEL = "-O";
				VALIDATE_PRODUCT = YES;
			};
			name = Release;
		};
		CD707F2F26FF768300A14BBF /* Debug */ = {
			isa = XCBuildConfiguration;
			buildSettings = {
				ASSETCATALOG_COMPILER_COMPLICATION_NAME = Complication;
				CODE_SIGN_IDENTITY = "iPhone Distribution";
				CODE_SIGN_STYLE = Manual;
				DEVELOPMENT_ASSET_PATHS = "\"iTunesAPISwiftUI Watch Extension/Preview Content\"";
				DEVELOPMENT_TEAM = NT6HELKJQZ;
				ENABLE_PREVIEWS = YES;
				INFOPLIST_FILE = "iTunesAPISwiftUI Watch Extension/Info.plist";
				LD_RUNPATH_SEARCH_PATHS = (
					"$(inherited)",
					"@executable_path/Frameworks",
					"@executable_path/../../Frameworks",
				);
				PRODUCT_BUNDLE_IDENTIFIER = com.ThreadCo.iTunesAPISwiftUI.watchkitapp.watchkitextension;
				PRODUCT_NAME = "${TARGET_NAME}";
				PROVISIONING_PROFILE_SPECIFIER = "iTunes API Watch Extension Distribution";
				SDKROOT = watchos;
				SKIP_INSTALL = YES;
				SWIFT_VERSION = 5.0;
				TARGETED_DEVICE_FAMILY = 4;
				WATCHOS_DEPLOYMENT_TARGET = 7.2;
			};
			name = Debug;
		};
		CD707F3026FF768300A14BBF /* Release */ = {
			isa = XCBuildConfiguration;
			buildSettings = {
				ASSETCATALOG_COMPILER_COMPLICATION_NAME = Complication;
				CODE_SIGN_IDENTITY = "iPhone Distribution";
				CODE_SIGN_STYLE = Manual;
				DEVELOPMENT_ASSET_PATHS = "\"iTunesAPISwiftUI Watch Extension/Preview Content\"";
				DEVELOPMENT_TEAM = NT6HELKJQZ;
				ENABLE_PREVIEWS = YES;
				INFOPLIST_FILE = "iTunesAPISwiftUI Watch Extension/Info.plist";
				LD_RUNPATH_SEARCH_PATHS = (
					"$(inherited)",
					"@executable_path/Frameworks",
					"@executable_path/../../Frameworks",
				);
				PRODUCT_BUNDLE_IDENTIFIER = com.ThreadCo.iTunesAPISwiftUI.watchkitapp.watchkitextension;
				PRODUCT_NAME = "${TARGET_NAME}";
				PROVISIONING_PROFILE_SPECIFIER = "iTunes API Watch Extension Distribution";
				SDKROOT = watchos;
				SKIP_INSTALL = YES;
				SWIFT_VERSION = 5.0;
				TARGETED_DEVICE_FAMILY = 4;
				WATCHOS_DEPLOYMENT_TARGET = 7.2;
			};
			name = Release;
		};
		CD707F3326FF768300A14BBF /* Debug */ = {
			isa = XCBuildConfiguration;
			buildSettings = {
				ALWAYS_EMBED_SWIFT_STANDARD_LIBRARIES = YES;
				ASSETCATALOG_COMPILER_APPICON_NAME = AppIcon;
				ASSETCATALOG_COMPILER_GLOBAL_ACCENT_COLOR_NAME = AccentColor;
				CODE_SIGN_IDENTITY = "iPhone Distribution";
				CODE_SIGN_STYLE = Manual;
				DEVELOPMENT_TEAM = NT6HELKJQZ;
				IBSC_MODULE = iTunesAPISwiftUI_Watch_Extension;
				INFOPLIST_FILE = "iTunesAPISwiftUI Watch/Info.plist";
				PRODUCT_BUNDLE_IDENTIFIER = com.ThreadCo.iTunesAPISwiftUI.watchkitapp;
				PRODUCT_NAME = "$(TARGET_NAME)";
				PROVISIONING_PROFILE_SPECIFIER = "iTunes API watch distribution";
				SDKROOT = watchos;
				SKIP_INSTALL = YES;
				SWIFT_VERSION = 5.0;
				TARGETED_DEVICE_FAMILY = 4;
				WATCHOS_DEPLOYMENT_TARGET = 7.2;
			};
			name = Debug;
		};
		CD707F3426FF768300A14BBF /* Release */ = {
			isa = XCBuildConfiguration;
			buildSettings = {
				ALWAYS_EMBED_SWIFT_STANDARD_LIBRARIES = YES;
				ASSETCATALOG_COMPILER_APPICON_NAME = AppIcon;
				ASSETCATALOG_COMPILER_GLOBAL_ACCENT_COLOR_NAME = AccentColor;
				CODE_SIGN_IDENTITY = "iPhone Distribution";
				CODE_SIGN_STYLE = Manual;
				DEVELOPMENT_TEAM = NT6HELKJQZ;
				IBSC_MODULE = iTunesAPISwiftUI_Watch_Extension;
				INFOPLIST_FILE = "iTunesAPISwiftUI Watch/Info.plist";
				PRODUCT_BUNDLE_IDENTIFIER = com.ThreadCo.iTunesAPISwiftUI.watchkitapp;
				PRODUCT_NAME = "$(TARGET_NAME)";
				PROVISIONING_PROFILE_SPECIFIER = "iTunes API watch distribution";
				SDKROOT = watchos;
				SKIP_INSTALL = YES;
				SWIFT_VERSION = 5.0;
				TARGETED_DEVICE_FAMILY = 4;
				WATCHOS_DEPLOYMENT_TARGET = 7.2;
			};
			name = Release;
		};
		CD8EC85724A40EDB0090D938 /* Debug */ = {
			isa = XCBuildConfiguration;
			buildSettings = {
				ASSETCATALOG_COMPILER_APPICON_NAME = AppIcon;
				ASSETCATALOG_COMPILER_GLOBAL_ACCENT_COLOR_NAME = AccentColor;
				CLANG_WARN_QUOTED_INCLUDE_IN_FRAMEWORK_HEADER = YES;
				CODE_SIGN_IDENTITY = "Apple Development";
				CODE_SIGN_STYLE = Automatic;
				DEVELOPMENT_TEAM = NT6HELKJQZ;
				ENABLE_PREVIEWS = YES;
				INFOPLIST_FILE = iOS/Info.plist;
				IPHONEOS_DEPLOYMENT_TARGET = 14.0;
				LD_RUNPATH_SEARCH_PATHS = (
					"$(inherited)",
					"@executable_path/Frameworks",
				);
				PRODUCT_BUNDLE_IDENTIFIER = com.ThreadCo.iTunesAPISwiftUI;
				PRODUCT_NAME = iTunesAPISwiftUI;
				PROVISIONING_PROFILE_SPECIFIER = "";
				SDKROOT = iphoneos;
				SWIFT_VERSION = 5.0;
				TARGETED_DEVICE_FAMILY = "1,2";
			};
			name = Debug;
		};
		CD8EC85824A40EDB0090D938 /* Release */ = {
			isa = XCBuildConfiguration;
			buildSettings = {
				ASSETCATALOG_COMPILER_APPICON_NAME = AppIcon;
				ASSETCATALOG_COMPILER_GLOBAL_ACCENT_COLOR_NAME = AccentColor;
				CLANG_WARN_QUOTED_INCLUDE_IN_FRAMEWORK_HEADER = YES;
				CODE_SIGN_IDENTITY = "Apple Development";
				CODE_SIGN_STYLE = Automatic;
				DEVELOPMENT_TEAM = NT6HELKJQZ;
				ENABLE_PREVIEWS = YES;
				INFOPLIST_FILE = iOS/Info.plist;
				IPHONEOS_DEPLOYMENT_TARGET = 14.0;
				LD_RUNPATH_SEARCH_PATHS = (
					"$(inherited)",
					"@executable_path/Frameworks",
				);
				PRODUCT_BUNDLE_IDENTIFIER = com.ThreadCo.iTunesAPISwiftUI;
				PRODUCT_NAME = iTunesAPISwiftUI;
				PROVISIONING_PROFILE_SPECIFIER = "";
				SDKROOT = iphoneos;
				SWIFT_VERSION = 5.0;
				TARGETED_DEVICE_FAMILY = "1,2";
				VALIDATE_PRODUCT = YES;
			};
			name = Release;
		};
		CD8EC85A24A40EDB0090D938 /* Debug */ = {
			isa = XCBuildConfiguration;
			buildSettings = {
				ASSETCATALOG_COMPILER_APPICON_NAME = AppIcon;
				ASSETCATALOG_COMPILER_GLOBAL_ACCENT_COLOR_NAME = AccentColor;
				CLANG_WARN_QUOTED_INCLUDE_IN_FRAMEWORK_HEADER = YES;
				CODE_SIGN_ENTITLEMENTS = macOS/macOS.entitlements;
				CODE_SIGN_IDENTITY = "-";
				CODE_SIGN_STYLE = Automatic;
				COMBINE_HIDPI_IMAGES = YES;
				DEVELOPMENT_TEAM = NT6HELKJQZ;
				ENABLE_HARDENED_RUNTIME = YES;
				ENABLE_PREVIEWS = YES;
				INFOPLIST_FILE = macOS/Info.plist;
				LD_RUNPATH_SEARCH_PATHS = (
					"$(inherited)",
					"@executable_path/../Frameworks",
				);
				MACOSX_DEPLOYMENT_TARGET = 11.1;
				PRODUCT_BUNDLE_IDENTIFIER = com.ThreadCo.iTunesAPISwiftUI;
				PRODUCT_NAME = iTunesAPISwiftUI;
				SDKROOT = macosx;
				SWIFT_VERSION = 5.0;
			};
			name = Debug;
		};
		CD8EC85B24A40EDB0090D938 /* Release */ = {
			isa = XCBuildConfiguration;
			buildSettings = {
				ASSETCATALOG_COMPILER_APPICON_NAME = AppIcon;
				ASSETCATALOG_COMPILER_GLOBAL_ACCENT_COLOR_NAME = AccentColor;
				CLANG_WARN_QUOTED_INCLUDE_IN_FRAMEWORK_HEADER = YES;
				CODE_SIGN_ENTITLEMENTS = macOS/macOS.entitlements;
				CODE_SIGN_IDENTITY = "-";
				CODE_SIGN_STYLE = Automatic;
				COMBINE_HIDPI_IMAGES = YES;
				DEVELOPMENT_TEAM = NT6HELKJQZ;
				ENABLE_HARDENED_RUNTIME = YES;
				ENABLE_PREVIEWS = YES;
				INFOPLIST_FILE = macOS/Info.plist;
				LD_RUNPATH_SEARCH_PATHS = (
					"$(inherited)",
					"@executable_path/../Frameworks",
				);
				MACOSX_DEPLOYMENT_TARGET = 11.1;
				PRODUCT_BUNDLE_IDENTIFIER = com.ThreadCo.iTunesAPISwiftUI;
				PRODUCT_NAME = iTunesAPISwiftUI;
				SDKROOT = macosx;
				SWIFT_VERSION = 5.0;
			};
			name = Release;
		};
		CD8EC85D24A40EDB0090D938 /* Debug */ = {
			isa = XCBuildConfiguration;
			buildSettings = {
				ALWAYS_EMBED_SWIFT_STANDARD_LIBRARIES = YES;
				CLANG_WARN_QUOTED_INCLUDE_IN_FRAMEWORK_HEADER = YES;
				CODE_SIGN_STYLE = Automatic;
				DEVELOPMENT_TEAM = NT6HELKJQZ;
				INFOPLIST_FILE = "Tests iOS/Info.plist";
				LD_RUNPATH_SEARCH_PATHS = (
					"$(inherited)",
					"@executable_path/Frameworks",
					"@loader_path/Frameworks",
				);
				PRODUCT_BUNDLE_IDENTIFIER = "com.ThreadCo.Tests-iOS";
				PRODUCT_NAME = "$(TARGET_NAME)";
				SWIFT_VERSION = 5.0;
				TARGETED_DEVICE_FAMILY = "1,2";
				TEST_TARGET_NAME = iOS;
			};
			name = Debug;
		};
		CD8EC85E24A40EDB0090D938 /* Release */ = {
			isa = XCBuildConfiguration;
			buildSettings = {
				ALWAYS_EMBED_SWIFT_STANDARD_LIBRARIES = YES;
				CLANG_WARN_QUOTED_INCLUDE_IN_FRAMEWORK_HEADER = YES;
				CODE_SIGN_STYLE = Automatic;
				DEVELOPMENT_TEAM = NT6HELKJQZ;
				INFOPLIST_FILE = "Tests iOS/Info.plist";
				LD_RUNPATH_SEARCH_PATHS = (
					"$(inherited)",
					"@executable_path/Frameworks",
					"@loader_path/Frameworks",
				);
				PRODUCT_BUNDLE_IDENTIFIER = "com.ThreadCo.Tests-iOS";
				PRODUCT_NAME = "$(TARGET_NAME)";
				SWIFT_VERSION = 5.0;
				TARGETED_DEVICE_FAMILY = "1,2";
				TEST_TARGET_NAME = iOS;
			};
			name = Release;
		};
		CD8EC86024A40EDB0090D938 /* Debug */ = {
			isa = XCBuildConfiguration;
			buildSettings = {
				ALWAYS_EMBED_SWIFT_STANDARD_LIBRARIES = YES;
				CLANG_WARN_QUOTED_INCLUDE_IN_FRAMEWORK_HEADER = YES;
				CODE_SIGN_STYLE = Automatic;
				COMBINE_HIDPI_IMAGES = YES;
				DEVELOPMENT_TEAM = NT6HELKJQZ;
				INFOPLIST_FILE = "Tests macOS/Info.plist";
				LD_RUNPATH_SEARCH_PATHS = (
					"$(inherited)",
					"@executable_path/../Frameworks",
					"@loader_path/../Frameworks",
				);
				MACOSX_DEPLOYMENT_TARGET = 10.15;
				PRODUCT_BUNDLE_IDENTIFIER = "com.ThreadCo.Tests-macOS";
				PRODUCT_NAME = "$(TARGET_NAME)";
				SDKROOT = macosx;
				SWIFT_VERSION = 5.0;
				TEST_TARGET_NAME = macOS;
			};
			name = Debug;
		};
		CD8EC86124A40EDB0090D938 /* Release */ = {
			isa = XCBuildConfiguration;
			buildSettings = {
				ALWAYS_EMBED_SWIFT_STANDARD_LIBRARIES = YES;
				CLANG_WARN_QUOTED_INCLUDE_IN_FRAMEWORK_HEADER = YES;
				CODE_SIGN_STYLE = Automatic;
				COMBINE_HIDPI_IMAGES = YES;
				DEVELOPMENT_TEAM = NT6HELKJQZ;
				INFOPLIST_FILE = "Tests macOS/Info.plist";
				LD_RUNPATH_SEARCH_PATHS = (
					"$(inherited)",
					"@executable_path/../Frameworks",
					"@loader_path/../Frameworks",
				);
				MACOSX_DEPLOYMENT_TARGET = 10.15;
				PRODUCT_BUNDLE_IDENTIFIER = "com.ThreadCo.Tests-macOS";
				PRODUCT_NAME = "$(TARGET_NAME)";
				SDKROOT = macosx;
				SWIFT_VERSION = 5.0;
				TEST_TARGET_NAME = macOS;
			};
			name = Release;
		};
/* End XCBuildConfiguration section */

/* Begin XCConfigurationList section */
		CD4D36242389708700516836 /* Build configuration list for PBXProject "iTunesAPISwiftUI" */ = {
			isa = XCConfigurationList;
			buildConfigurations = (
				CD4D363B2389708A00516836 /* Debug */,
				CD4D363C2389708A00516836 /* Release */,
			);
			defaultConfigurationIsVisible = 0;
			defaultConfigurationName = Release;
		};
		CD707F2E26FF768300A14BBF /* Build configuration list for PBXNativeTarget "iTunesAPISwiftUI Watch Extension" */ = {
			isa = XCConfigurationList;
			buildConfigurations = (
				CD707F2F26FF768300A14BBF /* Debug */,
				CD707F3026FF768300A14BBF /* Release */,
			);
			defaultConfigurationIsVisible = 0;
			defaultConfigurationName = Release;
		};
		CD707F3226FF768300A14BBF /* Build configuration list for PBXNativeTarget "iTunesAPISwiftUI Watch" */ = {
			isa = XCConfigurationList;
			buildConfigurations = (
				CD707F3326FF768300A14BBF /* Debug */,
				CD707F3426FF768300A14BBF /* Release */,
			);
			defaultConfigurationIsVisible = 0;
			defaultConfigurationName = Release;
		};
		CD8EC85624A40EDB0090D938 /* Build configuration list for PBXNativeTarget "iOS" */ = {
			isa = XCConfigurationList;
			buildConfigurations = (
				CD8EC85724A40EDB0090D938 /* Debug */,
				CD8EC85824A40EDB0090D938 /* Release */,
			);
			defaultConfigurationIsVisible = 0;
			defaultConfigurationName = Release;
		};
		CD8EC85924A40EDB0090D938 /* Build configuration list for PBXNativeTarget "macOS" */ = {
			isa = XCConfigurationList;
			buildConfigurations = (
				CD8EC85A24A40EDB0090D938 /* Debug */,
				CD8EC85B24A40EDB0090D938 /* Release */,
			);
			defaultConfigurationIsVisible = 0;
			defaultConfigurationName = Release;
		};
		CD8EC85C24A40EDB0090D938 /* Build configuration list for PBXNativeTarget "Tests iOS" */ = {
			isa = XCConfigurationList;
			buildConfigurations = (
				CD8EC85D24A40EDB0090D938 /* Debug */,
				CD8EC85E24A40EDB0090D938 /* Release */,
			);
			defaultConfigurationIsVisible = 0;
			defaultConfigurationName = Release;
		};
		CD8EC85F24A40EDB0090D938 /* Build configuration list for PBXNativeTarget "Tests macOS" */ = {
			isa = XCConfigurationList;
			buildConfigurations = (
				CD8EC86024A40EDB0090D938 /* Debug */,
				CD8EC86124A40EDB0090D938 /* Release */,
			);
			defaultConfigurationIsVisible = 0;
			defaultConfigurationName = Release;
		};
/* End XCConfigurationList section */

/* Begin XCRemoteSwiftPackageReference section */
		CD30E71226D8BCF6008C904D /* XCRemoteSwiftPackageReference "SDWebImageSwiftUI" */ = {
			isa = XCRemoteSwiftPackageReference;
			repositoryURL = "https://github.com/SDWebImage/SDWebImageSwiftUI.git";
			requirement = {
				kind = upToNextMinorVersion;
				minimumVersion = 1.5.0;
			};
		};
/* End XCRemoteSwiftPackageReference section */

/* Begin XCSwiftPackageProductDependency section */
		CD30E71326D8BCF6008C904D /* SDWebImageSwiftUI */ = {
			isa = XCSwiftPackageProductDependency;
			package = CD30E71226D8BCF6008C904D /* XCRemoteSwiftPackageReference "SDWebImageSwiftUI" */;
			productName = SDWebImageSwiftUI;
		};
		CD707F7126FF7A6D00A14BBF /* SDWebImageSwiftUI */ = {
			isa = XCSwiftPackageProductDependency;
			package = CD30E71226D8BCF6008C904D /* XCRemoteSwiftPackageReference "SDWebImageSwiftUI" */;
			productName = SDWebImageSwiftUI;
		};
/* End XCSwiftPackageProductDependency section */
	};
	rootObject = CD4D36212389708700516836 /* Project object */;
}
