{
  "object": {
    "pins": [
      {
        "package": "Alamofire",
        "repositoryURL": "https://github.com/Alamofire/Alamofire.git",
        "state": {
          "branch": null,
          "revision": "747c8db8d57b68d5e35275f10c92d55f982adbd4",
          "version": "4.9.1"
        }
      },
      {
        "package": "Moya",
        "repositoryURL": "git@github.com:Moya/Moya.git",
        "state": {
          "branch": null,
          "revision": "ae2ca8a51c0e28d67e59c46f55bb43dda89ca0d6",
          "version": "13.0.1"
        }
      },
      {
        "package": "Nimble",
        "repositoryURL": "https://github.com/Quick/Nimble.git",
        "state": {
          "branch": null,
          "revision": "2b1809051b4a65c1d7f5233331daa24572cd7fca",
          "version": "8.1.1"
        }
      },
      {
        "package": "Quick",
        "repositoryURL": "https://github.com/Quick/Quick.git",
        "state": {
          "branch": null,
          "revision": "09b3becb37cb2163919a3842a4c5fa6ec7130792",
          "version": "2.2.1"
        }
      },
      {
        "package": "ReactiveSwift",
        "repositoryURL": "https://github.com/ReactiveCocoa/ReactiveSwift.git",
        "state": {
          "branch": null,
          "revision": "c37950dc5020544c58d4bf47c0d028893686b9e6",
          "version": "5.0.1"
        }
      },
      {
        "package": "Result",
        "repositoryURL": "https://github.com/antitypical/Result.git",
        "state": {
          "branch": null,
          "revision": "2ca499ba456795616fbc471561ff1d963e6ae160",
          "version": "4.1.0"
        }
      },
      {
        "package": "RxSwift",
        "repositoryURL": "https://github.com/ReactiveX/RxSwift.git",
        "state": {
          "branch": null,
          "revision": "cce95dd704bc08cd3d69c087a05a6fc3118e2722",
          "version": "4.5.0"
        }
      },
      {
        "package": "SDWebImage",
        "repositoryURL": "https://github.com/SDWebImage/SDWebImage.git",
        "state": {
          "branch": null,
          "revision": "df8bd89a865120fbb84427afc8e9cf7937b924f5",
          "version": "5.8.2"
        }
      },
      {
        "package": "SDWebImageSwiftUI",
        "repositoryURL": "git@github.com:SDWebImage/SDWebImageSwiftUI.git",
        "state": {
          "branch": null,
          "revision": "4c7f169e39bc35d6b80d42b8eb8301bee9cd0907",
          "version": "1.5.0"
        }
      }
    ]
  },
  "version": 1
}
