PODS:
  - Alamofire (4.9.1)
  - Moya (13.0.1):
    - Moya/Core (= 13.0.1)
  - Moya/Core (13.0.1):
    - Alamofire (~> 4.1)
    - Result (~> 4.1)
  - Result (4.1.0)
  - SDWebImage (5.3.2):
    - SDWebImage/Core (= 5.3.2)
  - SDWebImage/Core (5.3.2)
  - SDWebImageSwiftUI (0.8.6):
    - SDWebImage (~> 5.3)

DEPENDENCIES:
  - Moya
  - SDWebImageSwiftUI

SPEC REPOS:
  trunk:
    - Alamofire
    - Moya
    - Result
    - SDWebImage
    - SDWebImageSwiftUI

SPEC CHECKSUMS:
  Alamofire: 85e8a02c69d6020a0d734f6054870d7ecb75cf18
  Moya: f4a4b80ff2f8a4ffc208dfb31cd91636622fee6e
  Result: bd966fac789cc6c1563440b348ab2598cc24d5c7
  SDWebImage: 6ac2eb96571bff96ecde31a987172c5934a0eb7d
  SDWebImageSwiftUI: eb7eb4f8ce27a4ec735ccbab0eb9a0741378c3cb

PODFILE CHECKSUM: ec1c7eeb6e0579089d7a42675c4c1b48a23008be

COCOAPODS: 1.8.4
